
Microsoft Visual Studio Solution File, Format Version 12.00
# Visual Studio Version 16
VisualStudioVersion = 16.0.30523.141
MinimumVisualStudioVersion = 10.0.40219.1
Project("{FAE04EC0-301F-11D3-BF4B-00C04F79EFBC}") = "OOP2Tutorial-1", "OOP2Tutorial-1\OOP2Tutorial-1.csproj", "{ED4908D2-A716-4036-BFD0-2D029BBB0089}"
EndProject
Global
	GlobalSection(SolutionConfigurationPlatforms) = preSolution
		Debug|Any CPU = Debug|Any CPU
		Release|Any CPU = Release|Any CPU
	EndGlobalSection
	GlobalSection(ProjectConfigurationPlatforms) = postSolution
		{ED4908D2-A716-4036-BFD0-2D029BBB0089}.Debug|Any CPU.ActiveCfg = Debug|Any CPU
		{ED4908D2-A716-4036-BFD0-2D029BBB0089}.Debug|Any CPU.Build.0 = Debug|Any CPU
		{ED4908D2-A716-4036-BFD0-2D029BBB0089}.Release|Any CPU.ActiveCfg = Release|Any CPU
		{ED4908D2-A716-4036-BFD0-2D029BBB0089}.Release|Any CPU.Build.0 = Release|Any CPU
	EndGlobalSection
	GlobalSection(SolutionProperties) = preSolution
		HideSolutionNode = FALSE
	EndGlobalSection
	GlobalSection(ExtensibilityGlobals) = postSolution
		SolutionGuid = {D3F76968-E9C4-4AF6-8E63-0B6E61E132DD}
	EndGlobalSection
EndGlobal
